
Microsoft Visual Studio Solution File, Format Version 12.00
# Visual Studio Version 17
VisualStudioVersion = 17.11.35327.3
MinimumVisualStudioVersion = 10.0.40219.1
Project("{FAE04EC0-301F-11D3-BF4B-00C04F79EFBC}") = "Aexra.Codebase", "Aexra.Codebase\Aexra.Codebase.csproj", "{CD455DCC-C4D6-4BFD-804C-2CFE12081477}"
EndProject
Global
	GlobalSection(SolutionConfigurationPlatforms) = preSolution
		Debug|Any CPU = Debug|Any CPU
		Release|Any CPU = Release|Any CPU
	EndGlobalSection
	GlobalSection(ProjectConfigurationPlatforms) = postSolution
		{CD455DCC-C4D6-4BFD-804C-2CFE12081477}.Debug|Any CPU.ActiveCfg = Debug|Any CPU
		{CD455DCC-C4D6-4BFD-804C-2CFE12081477}.Debug|Any CPU.Build.0 = Debug|Any CPU
		{CD455DCC-C4D6-4BFD-804C-2CFE12081477}.Release|Any CPU.ActiveCfg = Release|Any CPU
		{CD455DCC-C4D6-4BFD-804C-2CFE12081477}.Release|Any CPU.Build.0 = Release|Any CPU
	EndGlobalSection
	GlobalSection(SolutionProperties) = preSolution
		HideSolutionNode = FALSE
	EndGlobalSection
	GlobalSection(ExtensibilityGlobals) = postSolution
		SolutionGuid = {69C6436C-7D35-419A-9819-602D8B0A1BA4}
	EndGlobalSection
EndGlobal
